// !$*UTF8*$!
{
	archiveVersion = 1;
	classes = {
	};
	objectVersion = 50;
	objects = {

/* Begin PBXBuildFile section */
		0BFBD67DF4A619C224B56B26 /* libPods-SwiftConversionTest.a in Frameworks */ = {isa = PBXBuildFile; fileRef = 5AFCE483BE7761909678A847 /* libPods-SwiftConversionTest.a */; };
		EDA7FF7E22BCC29700C0FED2 /* AppDelegate.swift in Sources */ = {isa = PBXBuildFile; fileRef = EDA7FF7D22BCC29700C0FED2 /* AppDelegate.swift */; };
		EDA7FF8022BCC29700C0FED2 /* ViewController.swift in Sources */ = {isa = PBXBuildFile; fileRef = EDA7FF7F22BCC29700C0FED2 /* ViewController.swift */; };
		EDA7FF8322BCC29700C0FED2 /* Main.storyboard in Resources */ = {isa = PBXBuildFile; fileRef = EDA7FF8122BCC29700C0FED2 /* Main.storyboard */; };
		EDA7FF8522BCC29900C0FED2 /* Assets.xcassets in Resources */ = {isa = PBXBuildFile; fileRef = EDA7FF8422BCC29900C0FED2 /* Assets.xcassets */; };
		EDA7FF8822BCC29900C0FED2 /* LaunchScreen.storyboard in Resources */ = {isa = PBXBuildFile; fileRef = EDA7FF8622BCC29900C0FED2 /* LaunchScreen.storyboard */; };
/* End PBXBuildFile section */

/* Begin PBXFileReference section */
		5AFCE483BE7761909678A847 /* libPods-SwiftConversionTest.a */ = {isa = PBXFileReference; explicitFileType = archive.ar; includeInIndex = 0; path = "libPods-SwiftConversionTest.a"; sourceTree = BUILT_PRODUCTS_DIR; };
		CF1EB913D5ABDB4FF2078127 /* Pods-SwiftConversionTest.release.xcconfig */ = {isa = PBXFileReference; includeInIndex = 1; lastKnownFileType = text.xcconfig; name = "Pods-SwiftConversionTest.release.xcconfig"; path = "Target Support Files/Pods-SwiftConversionTest/Pods-SwiftConversionTest.release.xcconfig"; sourceTree = "<group>"; };
		E4EC24C97BFD895A2E292805 /* Pods-SwiftConversionTest.debug.xcconfig */ = {isa = PBXFileReference; includeInIndex = 1; lastKnownFileType = text.xcconfig; name = "Pods-SwiftConversionTest.debug.xcconfig"; path = "Target Support Files/Pods-SwiftConversionTest/Pods-SwiftConversionTest.debug.xcconfig"; sourceTree = "<group>"; };
		EDA7FF7A22BCC29700C0FED2 /* SwiftConversionTest.app */ = {isa = PBXFileReference; explicitFileType = wrapper.application; includeInIndex = 0; path = SwiftConversionTest.app; sourceTree = BUILT_PRODUCTS_DIR; };
		EDA7FF7D22BCC29700C0FED2 /* AppDelegate.swift */ = {isa = PBXFileReference; lastKnownFileType = sourcecode.swift; path = AppDelegate.swift; sourceTree = "<group>"; };
		EDA7FF7F22BCC29700C0FED2 /* ViewController.swift */ = {isa = PBXFileReference; lastKnownFileType = sourcecode.swift; path = ViewController.swift; sourceTree = "<group>"; };
		EDA7FF8222BCC29700C0FED2 /* Base */ = {isa = PBXFileReference; lastKnownFileType = file.storyboard; name = Base; path = Base.lproj/Main.storyboard; sourceTree = "<group>"; };
		EDA7FF8422BCC29900C0FED2 /* Assets.xcassets */ = {isa = PBXFileReference; lastKnownFileType = folder.assetcatalog; path = Assets.xcassets; sourceTree = "<group>"; };
		EDA7FF8722BCC29900C0FED2 /* Base */ = {isa = PBXFileReference; lastKnownFileType = file.storyboard; name = Base; path = Base.lproj/LaunchScreen.storyboard; sourceTree = "<group>"; };
		EDA7FF8922BCC29900C0FED2 /* Info.plist */ = {isa = PBXFileReference; lastKnownFileType = text.plist.xml; path = Info.plist; sourceTree = "<group>"; };
/* End PBXFileReference section */

/* Begin PBXFrameworksBuildPhase section */
		EDA7FF7722BCC29700C0FED2 /* Frameworks */ = {
			isa = PBXFrameworksBuildPhase;
			buildActionMask = 2147483647;
			files = (
				0BFBD67DF4A619C224B56B26 /* libPods-SwiftConversionTest.a in Frameworks */,
			);
			runOnlyForDeploymentPostprocessing = 0;
		};
/* End PBXFrameworksBuildPhase section */

/* Begin PBXGroup section */
		883CD3F40D23FB7E55322A91 /* Pods */ = {
			isa = PBXGroup;
			children = (
				E4EC24C97BFD895A2E292805 /* Pods-SwiftConversionTest.debug.xcconfig */,
				CF1EB913D5ABDB4FF2078127 /* Pods-SwiftConversionTest.release.xcconfig */,
			);
			name = Pods;
			path = Pods;
			sourceTree = "<group>";
		};
		A94A1E5509CD9B3B7B133B7A /* Frameworks */ = {
			isa = PBXGroup;
			children = (
				5AFCE483BE7761909678A847 /* libPods-SwiftConversionTest.a */,
			);
			name = Frameworks;
			sourceTree = "<group>";
		};
		EDA7FF7122BCC29700C0FED2 = {
			isa = PBXGroup;
			children = (
				EDA7FF7C22BCC29700C0FED2 /* SwiftConversionTest */,
				EDA7FF7B22BCC29700C0FED2 /* Products */,
				883CD3F40D23FB7E55322A91 /* Pods */,
				A94A1E5509CD9B3B7B133B7A /* Frameworks */,
			);
			sourceTree = "<group>";
		};
		EDA7FF7B22BCC29700C0FED2 /* Products */ = {
			isa = PBXGroup;
			children = (
				EDA7FF7A22BCC29700C0FED2 /* SwiftConversionTest.app */,
			);
			name = Products;
			sourceTree = "<group>";
		};
		EDA7FF7C22BCC29700C0FED2 /* SwiftConversionTest */ = {
			isa = PBXGroup;
			children = (
				EDA7FF7D22BCC29700C0FED2 /* AppDelegate.swift */,
				EDA7FF7F22BCC29700C0FED2 /* ViewController.swift */,
				EDA7FF8122BCC29700C0FED2 /* Main.storyboard */,
				EDA7FF8422BCC29900C0FED2 /* Assets.xcassets */,
				EDA7FF8622BCC29900C0FED2 /* LaunchScreen.storyboard */,
				EDA7FF8922BCC29900C0FED2 /* Info.plist */,
			);
			path = SwiftConversionTest;
			sourceTree = "<group>";
		};
/* End PBXGroup section */

/* Begin PBXNativeTarget section */
		EDA7FF7922BCC29700C0FED2 /* SwiftConversionTest */ = {
			isa = PBXNativeTarget;
			buildConfigurationList = EDA7FF8C22BCC29900C0FED2 /* Build configuration list for PBXNativeTarget "SwiftConversionTest" */;
			buildPhases = (
				DD083A70E55F75F3DDCC65DF /* [CP] Check Pods Manifest.lock */,
				EDA7FF7622BCC29700C0FED2 /* Sources */,
				EDA7FF7722BCC29700C0FED2 /* Frameworks */,
				EDA7FF7822BCC29700C0FED2 /* Resources */,
			);
			buildRules = (
			);
			dependencies = (
			);
			name = SwiftConversionTest;
			productName = SwiftConversionTest;
			productReference = EDA7FF7A22BCC29700C0FED2 /* SwiftConversionTest.app */;
			productType = "com.apple.product-type.application";
		};
/* End PBXNativeTarget section */

/* Begin PBXProject section */
		EDA7FF7222BCC29700C0FED2 /* Project object */ = {
			isa = PBXProject;
			attributes = {
				LastSwiftUpdateCheck = 1020;
				LastUpgradeCheck = 1020;
				ORGANIZATIONNAME = "Art Huang";
				TargetAttributes = {
					EDA7FF7922BCC29700C0FED2 = {
						CreatedOnToolsVersion = 10.2.1;
					};
				};
			};
			buildConfigurationList = EDA7FF7522BCC29700C0FED2 /* Build configuration list for PBXProject "SwiftConversionTest" */;
			compatibilityVersion = "Xcode 9.3";
			developmentRegion = en;
			hasScannedForEncodings = 0;
			knownRegions = (
				en,
				Base,
			);
			mainGroup = EDA7FF7122BCC29700C0FED2;
			productRefGroup = EDA7FF7B22BCC29700C0FED2 /* Products */;
			projectDirPath = "";
			projectRoot = "";
			targets = (
				EDA7FF7922BCC29700C0FED2 /* SwiftConversionTest */,
			);
		};
/* End PBXProject section */

/* Begin PBXResourcesBuildPhase section */
		EDA7FF7822BCC29700C0FED2 /* Resources */ = {
			isa = PBXResourcesBuildPhase;
			buildActionMask = 2147483647;
			files = (
				EDA7FF8822BCC29900C0FED2 /* LaunchScreen.storyboard in Resources */,
				EDA7FF8522BCC29900C0FED2 /* Assets.xcassets in Resources */,
				EDA7FF8322BCC29700C0FED2 /* Main.storyboard in Resources */,
			);
			runOnlyForDeploymentPostprocessing = 0;
		};
/* End PBXResourcesBuildPhase section */

/* Begin PBXShellScriptBuildPhase section */
		DD083A70E55F75F3DDCC65DF /* [CP] Check Pods Manifest.lock */ = {
			isa = PBXShellScriptBuildPhase;
			buildActionMask = 2147483647;
			files = (
			);
			inputFileListPaths = (
			);
			inputPaths = (
				"${PODS_PODFILE_DIR_PATH}/Podfile.lock",
				"${PODS_ROOT}/Manifest.lock",
			);
			name = "[CP] Check Pods Manifest.lock";
			outputFileListPaths = (
			);
			outputPaths = (
				"$(DERIVED_FILE_DIR)/Pods-SwiftConversionTest-checkManifestLockResult.txt",
			);
			runOnlyForDeploymentPostprocessing = 0;
			shellPath = /bin/sh;
			shellScript = "diff \"${PODS_PODFILE_DIR_PATH}/Podfile.lock\" \"${PODS_ROOT}/Manifest.lock\" > /dev/null\nif [ $? != 0 ] ; then\n    # print error to STDERR\n    echo \"error: The sandbox is not in sync with the Podfile.lock. Run 'pod install' or update your CocoaPods installation.\" >&2\n    exit 1\nfi\n# This output is used by Xcode 'outputs' to avoid re-running this script phase.\necho \"SUCCESS\" > \"${SCRIPT_OUTPUT_FILE_0}\"\n";
			showEnvVarsInLog = 0;
		};
/* End PBXShellScriptBuildPhase section */

/* Begin PBXSourcesBuildPhase section */
		EDA7FF7622BCC29700C0FED2 /* Sources */ = {
			isa = PBXSourcesBuildPhase;
			buildActionMask = 2147483647;
			files = (
				EDA7FF8022BCC29700C0FED2 /* ViewController.swift in Sources */,
				EDA7FF7E22BCC29700C0FED2 /* AppDelegate.swift in Sources */,
			);
			runOnlyForDeploymentPostprocessing = 0;
		};
/* End PBXSourcesBuildPhase section */

/* Begin PBXVariantGroup section */
		EDA7FF8122BCC29700C0FED2 /* Main.storyboard */ = {
			isa = PBXVariantGroup;
			children = (
				EDA7FF8222BCC29700C0FED2 /* Base */,
			);
			name = Main.storyboard;
			sourceTree = "<group>";
		};
		EDA7FF8622BCC29900C0FED2 /* LaunchScreen.storyboard */ = {
			isa = PBXVariantGroup;
			children = (
				EDA7FF8722BCC29900C0FED2 /* Base */,
			);
			name = LaunchScreen.storyboard;
			sourceTree = "<group>";
		};
/* End PBXVariantGroup section */

/* Begin XCBuildConfiguration section */
		EDA7FF8A22BCC29900C0FED2 /* Debug */ = {
			isa = XCBuildConfiguration;
			buildSettings = {
				ALWAYS_SEARCH_USER_PATHS = NO;
				CLANG_ANALYZER_NONNULL = YES;
				CLANG_ANALYZER_NUMBER_OBJECT_CONVERSION = YES_AGGRESSIVE;
				CLANG_CXX_LANGUAGE_STANDARD = "gnu++14";
				CLANG_CXX_LIBRARY = "libc++";
				CLANG_ENABLE_MODULES = YES;
				CLANG_ENABLE_OBJC_ARC = YES;
				CLANG_ENABLE_OBJC_WEAK = YES;
				CLANG_WARN_BLOCK_CAPTURE_AUTORELEASING = YES;
				CLANG_WARN_BOOL_CONVERSION = YES;
				CLANG_WARN_COMMA = YES;
				CLANG_WARN_CONSTANT_CONVERSION = YES;
				CLANG_WARN_DEPRECATED_OBJC_IMPLEMENTATIONS = YES;
				CLANG_WARN_DIRECT_OBJC_ISA_USAGE = YES_ERROR;
				CLANG_WARN_DOCUMENTATION_COMMENTS = YES;
				CLANG_WARN_EMPTY_BODY = YES;
				CLANG_WARN_ENUM_CONVERSION = YES;
				CLANG_WARN_INFINITE_RECURSION = YES;
				CLANG_WARN_INT_CONVERSION = YES;
				CLANG_WARN_NON_LITERAL_NULL_CONVERSION = YES;
				CLANG_WARN_OBJC_IMPLICIT_RETAIN_SELF = YES;
				CLANG_WARN_OBJC_LITERAL_CONVERSION = YES;
				CLANG_WARN_OBJC_ROOT_CLASS = YES_ERROR;
				CLANG_WARN_RANGE_LOOP_ANALYSIS = YES;
				CLANG_WARN_STRICT_PROTOTYPES = YES;
				CLANG_WARN_SUSPICIOUS_MOVE = YES;
				CLANG_WARN_UNGUARDED_AVAILABILITY = YES_AGGRESSIVE;
				CLANG_WARN_UNREACHABLE_CODE = YES;
				CLANG_WARN__DUPLICATE_METHOD_MATCH = YES;
				CODE_SIGN_IDENTITY = "iPhone Developer";
				COPY_PHASE_STRIP = NO;
				DEBUG_INFORMATION_FORMAT = dwarf;
				ENABLE_STRICT_OBJC_MSGSEND = YES;
				ENABLE_TESTABILITY = YES;
				GCC_C_LANGUAGE_STANDARD = gnu11;
				GCC_DYNAMIC_NO_PIC = NO;
				GCC_NO_COMMON_BLOCKS = YES;
				GCC_OPTIMIZATION_LEVEL = 0;
				GCC_PREPROCESSOR_DEFINITIONS = (
					"DEBUG=1",
					"$(inherited)",
				);
				GCC_WARN_64_TO_32_BIT_CONVERSION = YES;
				GCC_WARN_ABOUT_RETURN_TYPE = YES_ERROR;
				GCC_WARN_UNDECLARED_SELECTOR = YES;
				GCC_WARN_UNINITIALIZED_AUTOS = YES_AGGRESSIVE;
				GCC_WARN_UNUSED_FUNCTION = YES;
				GCC_WARN_UNUSED_VARIABLE = YES;
				IPHONEOS_DEPLOYMENT_TARGET = 12.2;
				MTL_ENABLE_DEBUG_INFO = INCLUDE_SOURCE;
				MTL_FAST_MATH = YES;
				ONLY_ACTIVE_ARCH = YES;
				SDKROOT = iphoneos;
				SWIFT_ACTIVE_COMPILATION_CONDITIONS = DEBUG;
				SWIFT_OPTIMIZATION_LEVEL = "-Onone";
			};
			name = Debug;
		};
		EDA7FF8B22BCC29900C0FED2 /* Release */ = {
			isa = XCBuildConfiguration;
			buildSettings = {
				ALWAYS_SEARCH_USER_PATHS = NO;
				CLANG_ANALYZER_NONNULL = YES;
				CLANG_ANALYZER_NUMBER_OBJECT_CONVERSION = YES_AGGRESSIVE;
				CLANG_CXX_LANGUAGE_STANDARD = "gnu++14";
				CLANG_CXX_LIBRARY = "libc++";
				CLANG_ENABLE_MODULES = YES;
				CLANG_ENABLE_OBJC_ARC = YES;
				CLANG_ENABLE_OBJC_WEAK = YES;
				CLANG_WARN_BLOCK_CAPTURE_AUTORELEASING = YES;
				CLANG_WARN_BOOL_CONVERSION = YES;
				CLANG_WARN_COMMA = YES;
				CLANG_WARN_CONSTANT_CONVERSION = YES;
				CLANG_WARN_DEPRECATED_OBJC_IMPLEMENTATIONS = YES;
				CLANG_WARN_DIRECT_OBJC_ISA_USAGE = YES_ERROR;
				CLANG_WARN_DOCUMENTATION_COMMENTS = YES;
				CLANG_WARN_EMPTY_BODY = YES;
				CLANG_WARN_ENUM_CONVERSION = YES;
				CLANG_WARN_INFINITE_RECURSION = YES;
				CLANG_WARN_INT_CONVERSION = YES;
				CLANG_WARN_NON_LITERAL_NULL_CONVERSION = YES;
				CLANG_WARN_OBJC_IMPLICIT_RETAIN_SELF = YES;
				CLANG_WARN_OBJC_LITERAL_CONVERSION = YES;
				CLANG_WARN_OBJC_ROOT_CLASS = YES_ERROR;
				CLANG_WARN_RANGE_LOOP_ANALYSIS = YES;
				CLANG_WARN_STRICT_PROTOTYPES = YES;
				CLANG_WARN_SUSPICIOUS_MOVE = YES;
				CLANG_WARN_UNGUARDED_AVAILABILITY = YES_AGGRESSIVE;
				CLANG_WARN_UNREACHABLE_CODE = YES;
				CLANG_WARN__DUPLICATE_METHOD_MATCH = YES;
				CODE_SIGN_IDENTITY = "iPhone Developer";
				COPY_PHASE_STRIP = NO;
				DEBUG_INFORMATION_FORMAT = "dwarf-with-dsym";
				ENABLE_NS_ASSERTIONS = NO;
				ENABLE_STRICT_OBJC_MSGSEND = YES;
				GCC_C_LANGUAGE_STANDARD = gnu11;
				GCC_NO_COMMON_BLOCKS = YES;
				GCC_WARN_64_TO_32_BIT_CONVERSION = YES;
				GCC_WARN_ABOUT_RETURN_TYPE = YES_ERROR;
				GCC_WARN_UNDECLARED_SELECTOR = YES;
				GCC_WARN_UNINITIALIZED_AUTOS = YES_AGGRESSIVE;
				GCC_WARN_UNUSED_FUNCTION = YES;
				GCC_WARN_UNUSED_VARIABLE = YES;
				IPHONEOS_DEPLOYMENT_TARGET = 12.2;
				MTL_ENABLE_DEBUG_INFO = NO;
				MTL_FAST_MATH = YES;
				SDKROOT = iphoneos;
				SWIFT_COMPILATION_MODE = wholemodule;
				SWIFT_OPTIMIZATION_LEVEL = "-O";
				VALIDATE_PRODUCT = YES;
			};
			name = Release;
		};
		EDA7FF8D22BCC29900C0FED2 /* Debug */ = {
			isa = XCBuildConfiguration;
			baseConfigurationReference = E4EC24C97BFD895A2E292805 /* Pods-SwiftConversionTest.debug.xcconfig */;
			buildSettings = {
				ASSETCATALOG_COMPILER_APPICON_NAME = AppIcon;
				CODE_SIGN_STYLE = Automatic;
				DEVELOPMENT_TEAM = C498FXXG2V;
				INFOPLIST_FILE = SwiftConversionTest/Info.plist;
				LD_RUNPATH_SEARCH_PATHS = (
					"$(inherited)",
					"@executable_path/Frameworks",
				);
				PRODUCT_BUNDLE_IDENTIFIER = com.yahoo.SwiftConversionTest;
				PRODUCT_NAME = "$(TARGET_NAME)";
				SWIFT_VERSION = 4.2;
				TARGETED_DEVICE_FAMILY = "1,2";
			};
			name = Debug;
		};
		EDA7FF8E22BCC29900C0FED2 /* Release */ = {
			isa = XCBuildConfiguration;
			baseConfigurationReference = CF1EB913D5ABDB4FF2078127 /* Pods-SwiftConversionTest.release.xcconfig */;
			buildSettings = {
				ASSETCATALOG_COMPILER_APPICON_NAME = AppIcon;
				CODE_SIGN_STYLE = Automatic;
				DEVELOPMENT_TEAM = C498FXXG2V;
				INFOPLIST_FILE = SwiftConversionTest/Info.plist;
				LD_RUNPATH_SEARCH_PATHS = (
					"$(inherited)",
					"@executable_path/Frameworks",
				);
				PRODUCT_BUNDLE_IDENTIFIER = com.yahoo.SwiftConversionTest;
				PRODUCT_NAME = "$(TARGET_NAME)";
				SWIFT_VERSION = 4.2;
				TARGETED_DEVICE_FAMILY = "1,2";
			};
			name = Release;
		};
/* End XCBuildConfiguration section */

/* Begin XCConfigurationList section */
		EDA7FF7522BCC29700C0FED2 /* Build configuration list for PBXProject "SwiftConversionTest" */ = {
			isa = XCConfigurationList;
			buildConfigurations = (
				EDA7FF8A22BCC29900C0FED2 /* Debug */,
				EDA7FF8B22BCC29900C0FED2 /* Release */,
			);
			defaultConfigurationIsVisible = 0;
			defaultConfigurationName = Release;
		};
		EDA7FF8C22BCC29900C0FED2 /* Build configuration list for PBXNativeTarget "SwiftConversionTest" */ = {
			isa = XCConfigurationList;
			buildConfigurations = (
				EDA7FF8D22BCC29900C0FED2 /* Debug */,
				EDA7FF8E22BCC29900C0FED2 /* Release */,
			);
			defaultConfigurationIsVisible = 0;
			defaultConfigurationName = Release;
		};
/* End XCConfigurationList section */
	};
	rootObject = EDA7FF7222BCC29700C0FED2 /* Project object */;
}
